// !$*UTF8*$!
{
	archiveVersion = 1;
	classes = {
	};
	objectVersion = 55;
	objects = {

/* Begin PBXBuildFile section */
		C34775C8288F42DC00E68579 /* AppDelegate.swift in Sources */ = {isa = PBXBuildFile; fileRef = C34775C7288F42DC00E68579 /* AppDelegate.swift */; };
		C34775CA288F42DC00E68579 /* SceneDelegate.swift in Sources */ = {isa = PBXBuildFile; fileRef = C34775C9288F42DC00E68579 /* SceneDelegate.swift */; };
		C34775CC288F42DC00E68579 /* ViewController.swift in Sources */ = {isa = PBXBuildFile; fileRef = C34775CB288F42DC00E68579 /* ViewController.swift */; };
		C34775CF288F42DC00E68579 /* Main.storyboard in Resources */ = {isa = PBXBuildFile; fileRef = C34775CD288F42DC00E68579 /* Main.storyboard */; };
		C34775D2288F42DC00E68579 /* camp_companion.xcdatamodeld in Sources */ = {isa = PBXBuildFile; fileRef = C34775D0288F42DC00E68579 /* camp_companion.xcdatamodeld */; };
		C34775D4288F42E200E68579 /* Assets.xcassets in Resources */ = {isa = PBXBuildFile; fileRef = C34775D3288F42E200E68579 /* Assets.xcassets */; };
		C34775D7288F42E200E68579 /* LaunchScreen.storyboard in Resources */ = {isa = PBXBuildFile; fileRef = C34775D5288F42E200E68579 /* LaunchScreen.storyboard */; };
		C34DEB422891E24C002301FA /* ComponentCollectionViewCell.swift in Sources */ = {isa = PBXBuildFile; fileRef = C34DEB412891E24C002301FA /* ComponentCollectionViewCell.swift */; };
		C34DEB442891E5C1002301FA /* Component.swift in Sources */ = {isa = PBXBuildFile; fileRef = C34DEB432891E5C1002301FA /* Component.swift */; };
		C3A0618828AEE73900E8C3EC /* ImageTappedProtocol.swift in Sources */ = {isa = PBXBuildFile; fileRef = C3A0618728AEE73900E8C3EC /* ImageTappedProtocol.swift */; };
		C3A2F687289EF5E800EA3213 /* GearComponentViewController.swift in Sources */ = {isa = PBXBuildFile; fileRef = C3A2F686289EF5E800EA3213 /* GearComponentViewController.swift */; };
		C3A2F689289EF97800EA3213 /* WeatherComponentViewController.swift in Sources */ = {isa = PBXBuildFile; fileRef = C3A2F688289EF97800EA3213 /* WeatherComponentViewController.swift */; };
		C3A2F68B289EFD7200EA3213 /* CompassComponentViewController.swift in Sources */ = {isa = PBXBuildFile; fileRef = C3A2F68A289EFD7200EA3213 /* CompassComponentViewController.swift */; };
		C3A2F68D289EFDA600EA3213 /* SpringsComponentViewController.swift in Sources */ = {isa = PBXBuildFile; fileRef = C3A2F68C289EFDA600EA3213 /* SpringsComponentViewController.swift */; };
		C3A2F68F289EFDBC00EA3213 /* MapsComponentViewController.swift in Sources */ = {isa = PBXBuildFile; fileRef = C3A2F68E289EFDBC00EA3213 /* MapsComponentViewController.swift */; };
		C3A2F691289EFE0700EA3213 /* TestComponentViewController.swift in Sources */ = {isa = PBXBuildFile; fileRef = C3A2F690289EFE0700EA3213 /* TestComponentViewController.swift */; };
		C3A2F694289F17D300EA3213 /* GearComponentTableViewCell.swift in Sources */ = {isa = PBXBuildFile; fileRef = C3A2F693289F17D200EA3213 /* GearComponentTableViewCell.swift */; };
		C3A2F696289F1C8D00EA3213 /* GearItem.swift in Sources */ = {isa = PBXBuildFile; fileRef = C3A2F695289F1C8D00EA3213 /* GearItem.swift */; };
		C3BBFA7628DD0C4900B5B459 /* GearItemCD.swift in Sources */ = {isa = PBXBuildFile; fileRef = C3BBFA7528DD0C4900B5B459 /* GearItemCD.swift */; };
		C3C74AE0289F5DB900CF0B46 /* StepperProtocol.swift in Sources */ = {isa = PBXBuildFile; fileRef = C3C74ADF289F5DB900CF0B46 /* StepperProtocol.swift */; };
/* End PBXBuildFile section */

/* Begin PBXFileReference section */
		C34775C4288F42DC00E68579 /* camp-companion.app */ = {isa = PBXFileReference; explicitFileType = wrapper.application; includeInIndex = 0; path = "camp-companion.app"; sourceTree = BUILT_PRODUCTS_DIR; };
		C34775C7288F42DC00E68579 /* AppDelegate.swift */ = {isa = PBXFileReference; lastKnownFileType = sourcecode.swift; path = AppDelegate.swift; sourceTree = "<group>"; };
		C34775C9288F42DC00E68579 /* SceneDelegate.swift */ = {isa = PBXFileReference; lastKnownFileType = sourcecode.swift; path = SceneDelegate.swift; sourceTree = "<group>"; };
		C34775CB288F42DC00E68579 /* ViewController.swift */ = {isa = PBXFileReference; lastKnownFileType = sourcecode.swift; path = ViewController.swift; sourceTree = "<group>"; };
		C34775CE288F42DC00E68579 /* Base */ = {isa = PBXFileReference; lastKnownFileType = file.storyboard; name = Base; path = Base.lproj/Main.storyboard; sourceTree = "<group>"; };
		C34775D1288F42DC00E68579 /* camp_companion.xcdatamodel */ = {isa = PBXFileReference; lastKnownFileType = wrapper.xcdatamodel; path = camp_companion.xcdatamodel; sourceTree = "<group>"; };
		C34775D3288F42E200E68579 /* Assets.xcassets */ = {isa = PBXFileReference; lastKnownFileType = folder.assetcatalog; path = Assets.xcassets; sourceTree = "<group>"; };
		C34775D6288F42E200E68579 /* Base */ = {isa = PBXFileReference; lastKnownFileType = file.storyboard; name = Base; path = Base.lproj/LaunchScreen.storyboard; sourceTree = "<group>"; };
		C34775D8288F42E200E68579 /* Info.plist */ = {isa = PBXFileReference; lastKnownFileType = text.plist.xml; path = Info.plist; sourceTree = "<group>"; };
		C34DEB412891E24C002301FA /* ComponentCollectionViewCell.swift */ = {isa = PBXFileReference; lastKnownFileType = sourcecode.swift; path = ComponentCollectionViewCell.swift; sourceTree = "<group>"; };
		C34DEB432891E5C1002301FA /* Component.swift */ = {isa = PBXFileReference; lastKnownFileType = sourcecode.swift; path = Component.swift; sourceTree = "<group>"; };
		C3A0618728AEE73900E8C3EC /* ImageTappedProtocol.swift */ = {isa = PBXFileReference; lastKnownFileType = sourcecode.swift; path = ImageTappedProtocol.swift; sourceTree = "<group>"; };
		C3A2F686289EF5E800EA3213 /* GearComponentViewController.swift */ = {isa = PBXFileReference; lastKnownFileType = sourcecode.swift; path = GearComponentViewController.swift; sourceTree = "<group>"; };
		C3A2F688289EF97800EA3213 /* WeatherComponentViewController.swift */ = {isa = PBXFileReference; lastKnownFileType = sourcecode.swift; path = WeatherComponentViewController.swift; sourceTree = "<group>"; };
		C3A2F68A289EFD7200EA3213 /* CompassComponentViewController.swift */ = {isa = PBXFileReference; lastKnownFileType = sourcecode.swift; path = CompassComponentViewController.swift; sourceTree = "<group>"; };
		C3A2F68C289EFDA600EA3213 /* SpringsComponentViewController.swift */ = {isa = PBXFileReference; lastKnownFileType = sourcecode.swift; path = SpringsComponentViewController.swift; sourceTree = "<group>"; };
		C3A2F68E289EFDBC00EA3213 /* MapsComponentViewController.swift */ = {isa = PBXFileReference; lastKnownFileType = sourcecode.swift; path = MapsComponentViewController.swift; sourceTree = "<group>"; };
		C3A2F690289EFE0700EA3213 /* TestComponentViewController.swift */ = {isa = PBXFileReference; lastKnownFileType = sourcecode.swift; path = TestComponentViewController.swift; sourceTree = "<group>"; };
		C3A2F693289F17D200EA3213 /* GearComponentTableViewCell.swift */ = {isa = PBXFileReference; lastKnownFileType = sourcecode.swift; path = GearComponentTableViewCell.swift; sourceTree = "<group>"; };
		C3A2F695289F1C8D00EA3213 /* GearItem.swift */ = {isa = PBXFileReference; lastKnownFileType = sourcecode.swift; path = GearItem.swift; sourceTree = "<group>"; };
		C3BBFA7528DD0C4900B5B459 /* GearItemCD.swift */ = {isa = PBXFileReference; lastKnownFileType = sourcecode.swift; path = GearItemCD.swift; sourceTree = "<group>"; };
		C3C74ADF289F5DB900CF0B46 /* StepperProtocol.swift */ = {isa = PBXFileReference; lastKnownFileType = sourcecode.swift; path = StepperProtocol.swift; sourceTree = "<group>"; };
/* End PBXFileReference section */

/* Begin PBXFrameworksBuildPhase section */
		C34775C1288F42DC00E68579 /* Frameworks */ = {
			isa = PBXFrameworksBuildPhase;
			buildActionMask = 2147483647;
			files = (
			);
			runOnlyForDeploymentPostprocessing = 0;
		};
/* End PBXFrameworksBuildPhase section */

/* Begin PBXGroup section */
		C34775BB288F42DC00E68579 = {
			isa = PBXGroup;
			children = (
				C34775C6288F42DC00E68579 /* camp-companion */,
				C34775C5288F42DC00E68579 /* Products */,
			);
			sourceTree = "<group>";
		};
		C34775C5288F42DC00E68579 /* Products */ = {
			isa = PBXGroup;
			children = (
				C34775C4288F42DC00E68579 /* camp-companion.app */,
			);
			name = Products;
			sourceTree = "<group>";
		};
		C34775C6288F42DC00E68579 /* camp-companion */ = {
			isa = PBXGroup;
			children = (
				C34775C7288F42DC00E68579 /* AppDelegate.swift */,
				C34775C9288F42DC00E68579 /* SceneDelegate.swift */,
				C3E9A3B8288F47EA00DF42B5 /* Models */,
				C3E9A3B4288F47B800DF42B5 /* Views */,
				C3E9A3B5288F47C400DF42B5 /* Controllers */,
				C34775D3288F42E200E68579 /* Assets.xcassets */,
				C34775D5288F42E200E68579 /* LaunchScreen.storyboard */,
				C34775D8288F42E200E68579 /* Info.plist */,
				C34775D0288F42DC00E68579 /* camp_companion.xcdatamodeld */,
			);
			path = "camp-companion";
			sourceTree = "<group>";
		};
		C3A2F692289EFE9100EA3213 /* ComponentViewControllers */ = {
			isa = PBXGroup;
			children = (
				C3A2F68A289EFD7200EA3213 /* CompassComponentViewController.swift */,
				C3A2F690289EFE0700EA3213 /* TestComponentViewController.swift */,
				C3A2F686289EF5E800EA3213 /* GearComponentViewController.swift */,
				C3A2F688289EF97800EA3213 /* WeatherComponentViewController.swift */,
				C3A2F68C289EFDA600EA3213 /* SpringsComponentViewController.swift */,
				C3A2F68E289EFDBC00EA3213 /* MapsComponentViewController.swift */,
			);
			path = ComponentViewControllers;
			sourceTree = "<group>";
		};
		C3A2F697289F1D7A00EA3213 /* Gear Component Models */ = {
			isa = PBXGroup;
			children = (
				C3A2F695289F1C8D00EA3213 /* GearItem.swift */,
				C3BBFA7028DD0AAB00B5B459 /* CoreData */,
				C3A2F693289F17D200EA3213 /* GearComponentTableViewCell.swift */,
				C3C74ADF289F5DB900CF0B46 /* StepperProtocol.swift */,
				C3A0618728AEE73900E8C3EC /* ImageTappedProtocol.swift */,
			);
			path = "Gear Component Models";
			sourceTree = "<group>";
		};
		C3BBFA7028DD0AAB00B5B459 /* CoreData */ = {
			isa = PBXGroup;
			children = (
				C3BBFA7528DD0C4900B5B459 /* GearItemCD.swift */,
			);
			path = CoreData;
			sourceTree = "<group>";
		};
		C3E9A3B4288F47B800DF42B5 /* Views */ = {
			isa = PBXGroup;
			children = (
				C34775CD288F42DC00E68579 /* Main.storyboard */,
			);
			path = Views;
			sourceTree = "<group>";
		};
		C3E9A3B5288F47C400DF42B5 /* Controllers */ = {
			isa = PBXGroup;
			children = (
				C34775CB288F42DC00E68579 /* ViewController.swift */,
				C3A2F692289EFE9100EA3213 /* ComponentViewControllers */,
			);
			path = Controllers;
			sourceTree = "<group>";
		};
		C3E9A3B8288F47EA00DF42B5 /* Models */ = {
			isa = PBXGroup;
			children = (
				C34DEB412891E24C002301FA /* ComponentCollectionViewCell.swift */,
				C34DEB432891E5C1002301FA /* Component.swift */,
				C3A2F697289F1D7A00EA3213 /* Gear Component Models */,
			);
			path = Models;
			sourceTree = "<group>";
		};
/* End PBXGroup section */

/* Begin PBXNativeTarget section */
		C34775C3288F42DC00E68579 /* camp-companion */ = {
			isa = PBXNativeTarget;
			buildConfigurationList = C34775DB288F42E200E68579 /* Build configuration list for PBXNativeTarget "camp-companion" */;
			buildPhases = (
				C34775C0288F42DC00E68579 /* Sources */,
				C34775C1288F42DC00E68579 /* Frameworks */,
				C34775C2288F42DC00E68579 /* Resources */,
			);
			buildRules = (
			);
			dependencies = (
			);
			name = "camp-companion";
			productName = "camp-companion";
			productReference = C34775C4288F42DC00E68579 /* camp-companion.app */;
			productType = "com.apple.product-type.application";
		};
/* End PBXNativeTarget section */

/* Begin PBXProject section */
		C34775BC288F42DC00E68579 /* Project object */ = {
			isa = PBXProject;
			attributes = {
				BuildIndependentTargetsInParallel = 1;
				LastSwiftUpdateCheck = 1330;
				LastUpgradeCheck = 1330;
				TargetAttributes = {
					C34775C3288F42DC00E68579 = {
						CreatedOnToolsVersion = 13.3;
					};
				};
			};
			buildConfigurationList = C34775BF288F42DC00E68579 /* Build configuration list for PBXProject "camp-companion" */;
			compatibilityVersion = "Xcode 13.0";
			developmentRegion = en;
			hasScannedForEncodings = 0;
			knownRegions = (
				en,
				Base,
			);
			mainGroup = C34775BB288F42DC00E68579;
			productRefGroup = C34775C5288F42DC00E68579 /* Products */;
			projectDirPath = "";
			projectRoot = "";
			targets = (
				C34775C3288F42DC00E68579 /* camp-companion */,
			);
		};
/* End PBXProject section */

/* Begin PBXResourcesBuildPhase section */
		C34775C2288F42DC00E68579 /* Resources */ = {
			isa = PBXResourcesBuildPhase;
			buildActionMask = 2147483647;
			files = (
				C34775D7288F42E200E68579 /* LaunchScreen.storyboard in Resources */,
				C34775D4288F42E200E68579 /* Assets.xcassets in Resources */,
				C34775CF288F42DC00E68579 /* Main.storyboard in Resources */,
			);
			runOnlyForDeploymentPostprocessing = 0;
		};
/* End PBXResourcesBuildPhase section */

/* Begin PBXSourcesBuildPhase section */
		C34775C0288F42DC00E68579 /* Sources */ = {
			isa = PBXSourcesBuildPhase;
			buildActionMask = 2147483647;
			files = (
				C3C74AE0289F5DB900CF0B46 /* StepperProtocol.swift in Sources */,
				C3A2F68B289EFD7200EA3213 /* CompassComponentViewController.swift in Sources */,
				C3A2F687289EF5E800EA3213 /* GearComponentViewController.swift in Sources */,
				C3A2F691289EFE0700EA3213 /* TestComponentViewController.swift in Sources */,
				C34775CC288F42DC00E68579 /* ViewController.swift in Sources */,
				C3A2F68F289EFDBC00EA3213 /* MapsComponentViewController.swift in Sources */,
				C34775C8288F42DC00E68579 /* AppDelegate.swift in Sources */,
				C3A0618828AEE73900E8C3EC /* ImageTappedProtocol.swift in Sources */,
				C3BBFA7628DD0C4900B5B459 /* GearItemCD.swift in Sources */,
				C34775CA288F42DC00E68579 /* SceneDelegate.swift in Sources */,
				C3A2F696289F1C8D00EA3213 /* GearItem.swift in Sources */,
				C3A2F689289EF97800EA3213 /* WeatherComponentViewController.swift in Sources */,
				C34DEB422891E24C002301FA /* ComponentCollectionViewCell.swift in Sources */,
				C34775D2288F42DC00E68579 /* camp_companion.xcdatamodeld in Sources */,
				C34DEB442891E5C1002301FA /* Component.swift in Sources */,
				C3A2F694289F17D300EA3213 /* GearComponentTableViewCell.swift in Sources */,
				C3A2F68D289EFDA600EA3213 /* SpringsComponentViewController.swift in Sources */,
			);
			runOnlyForDeploymentPostprocessing = 0;
		};
/* End PBXSourcesBuildPhase section */

/* Begin PBXVariantGroup section */
		C34775CD288F42DC00E68579 /* Main.storyboard */ = {
			isa = PBXVariantGroup;
			children = (
				C34775CE288F42DC00E68579 /* Base */,
			);
			name = Main.storyboard;
			sourceTree = "<group>";
		};
		C34775D5288F42E200E68579 /* LaunchScreen.storyboard */ = {
			isa = PBXVariantGroup;
			children = (
				C34775D6288F42E200E68579 /* Base */,
			);
			name = LaunchScreen.storyboard;
			sourceTree = "<group>";
		};
/* End PBXVariantGroup section */

/* Begin XCBuildConfiguration section */
		C34775D9288F42E200E68579 /* Debug */ = {
			isa = XCBuildConfiguration;
			buildSettings = {
				ALWAYS_SEARCH_USER_PATHS = NO;
				CLANG_ANALYZER_NONNULL = YES;
				CLANG_ANALYZER_NUMBER_OBJECT_CONVERSION = YES_AGGRESSIVE;
				CLANG_CXX_LANGUAGE_STANDARD = "gnu++17";
				CLANG_ENABLE_MODULES = YES;
				CLANG_ENABLE_OBJC_ARC = YES;
				CLANG_ENABLE_OBJC_WEAK = YES;
				CLANG_WARN_BLOCK_CAPTURE_AUTORELEASING = YES;
				CLANG_WARN_BOOL_CONVERSION = YES;
				CLANG_WARN_COMMA = YES;
				CLANG_WARN_CONSTANT_CONVERSION = YES;
				CLANG_WARN_DEPRECATED_OBJC_IMPLEMENTATIONS = YES;
				CLANG_WARN_DIRECT_OBJC_ISA_USAGE = YES_ERROR;
				CLANG_WARN_DOCUMENTATION_COMMENTS = YES;
				CLANG_WARN_EMPTY_BODY = YES;
				CLANG_WARN_ENUM_CONVERSION = YES;
				CLANG_WARN_INFINITE_RECURSION = YES;
				CLANG_WARN_INT_CONVERSION = YES;
				CLANG_WARN_NON_LITERAL_NULL_CONVERSION = YES;
				CLANG_WARN_OBJC_IMPLICIT_RETAIN_SELF = YES;
				CLANG_WARN_OBJC_LITERAL_CONVERSION = YES;
				CLANG_WARN_OBJC_ROOT_CLASS = YES_ERROR;
				CLANG_WARN_QUOTED_INCLUDE_IN_FRAMEWORK_HEADER = YES;
				CLANG_WARN_RANGE_LOOP_ANALYSIS = YES;
				CLANG_WARN_STRICT_PROTOTYPES = YES;
				CLANG_WARN_SUSPICIOUS_MOVE = YES;
				CLANG_WARN_UNGUARDED_AVAILABILITY = YES_AGGRESSIVE;
				CLANG_WARN_UNREACHABLE_CODE = YES;
				CLANG_WARN__DUPLICATE_METHOD_MATCH = YES;
				COPY_PHASE_STRIP = NO;
				DEBUG_INFORMATION_FORMAT = dwarf;
				ENABLE_STRICT_OBJC_MSGSEND = YES;
				ENABLE_TESTABILITY = YES;
				GCC_C_LANGUAGE_STANDARD = gnu11;
				GCC_DYNAMIC_NO_PIC = NO;
				GCC_NO_COMMON_BLOCKS = YES;
				GCC_OPTIMIZATION_LEVEL = 0;
				GCC_PREPROCESSOR_DEFINITIONS = (
					"DEBUG=1",
					"$(inherited)",
				);
				GCC_WARN_64_TO_32_BIT_CONVERSION = YES;
				GCC_WARN_ABOUT_RETURN_TYPE = YES_ERROR;
				GCC_WARN_UNDECLARED_SELECTOR = YES;
				GCC_WARN_UNINITIALIZED_AUTOS = YES_AGGRESSIVE;
				GCC_WARN_UNUSED_FUNCTION = YES;
				GCC_WARN_UNUSED_VARIABLE = YES;
				IPHONEOS_DEPLOYMENT_TARGET = 15.4;
				MTL_ENABLE_DEBUG_INFO = INCLUDE_SOURCE;
				MTL_FAST_MATH = YES;
				ONLY_ACTIVE_ARCH = YES;
				SDKROOT = iphoneos;
				SWIFT_ACTIVE_COMPILATION_CONDITIONS = DEBUG;
				SWIFT_OPTIMIZATION_LEVEL = "-Onone";
			};
			name = Debug;
		};
		C34775DA288F42E200E68579 /* Release */ = {
			isa = XCBuildConfiguration;
			buildSettings = {
				ALWAYS_SEARCH_USER_PATHS = NO;
				CLANG_ANALYZER_NONNULL = YES;
				CLANG_ANALYZER_NUMBER_OBJECT_CONVERSION = YES_AGGRESSIVE;
				CLANG_CXX_LANGUAGE_STANDARD = "gnu++17";
				CLANG_ENABLE_MODULES = YES;
				CLANG_ENABLE_OBJC_ARC = YES;
				CLANG_ENABLE_OBJC_WEAK = YES;
				CLANG_WARN_BLOCK_CAPTURE_AUTORELEASING = YES;
				CLANG_WARN_BOOL_CONVERSION = YES;
				CLANG_WARN_COMMA = YES;
				CLANG_WARN_CONSTANT_CONVERSION = YES;
				CLANG_WARN_DEPRECATED_OBJC_IMPLEMENTATIONS = YES;
				CLANG_WARN_DIRECT_OBJC_ISA_USAGE = YES_ERROR;
				CLANG_WARN_DOCUMENTATION_COMMENTS = YES;
				CLANG_WARN_EMPTY_BODY = YES;
				CLANG_WARN_ENUM_CONVERSION = YES;
				CLANG_WARN_INFINITE_RECURSION = YES;
				CLANG_WARN_INT_CONVERSION = YES;
				CLANG_WARN_NON_LITERAL_NULL_CONVERSION = YES;
				CLANG_WARN_OBJC_IMPLICIT_RETAIN_SELF = YES;
				CLANG_WARN_OBJC_LITERAL_CONVERSION = YES;
				CLANG_WARN_OBJC_ROOT_CLASS = YES_ERROR;
				CLANG_WARN_QUOTED_INCLUDE_IN_FRAMEWORK_HEADER = YES;
				CLANG_WARN_RANGE_LOOP_ANALYSIS = YES;
				CLANG_WARN_STRICT_PROTOTYPES = YES;
				CLANG_WARN_SUSPICIOUS_MOVE = YES;
				CLANG_WARN_UNGUARDED_AVAILABILITY = YES_AGGRESSIVE;
				CLANG_WARN_UNREACHABLE_CODE = YES;
				CLANG_WARN__DUPLICATE_METHOD_MATCH = YES;
				COPY_PHASE_STRIP = NO;
				DEBUG_INFORMATION_FORMAT = "dwarf-with-dsym";
				ENABLE_NS_ASSERTIONS = NO;
				ENABLE_STRICT_OBJC_MSGSEND = YES;
				GCC_C_LANGUAGE_STANDARD = gnu11;
				GCC_NO_COMMON_BLOCKS = YES;
				GCC_WARN_64_TO_32_BIT_CONVERSION = YES;
				GCC_WARN_ABOUT_RETURN_TYPE = YES_ERROR;
				GCC_WARN_UNDECLARED_SELECTOR = YES;
				GCC_WARN_UNINITIALIZED_AUTOS = YES_AGGRESSIVE;
				GCC_WARN_UNUSED_FUNCTION = YES;
				GCC_WARN_UNUSED_VARIABLE = YES;
				IPHONEOS_DEPLOYMENT_TARGET = 15.4;
				MTL_ENABLE_DEBUG_INFO = NO;
				MTL_FAST_MATH = YES;
				SDKROOT = iphoneos;
				SWIFT_COMPILATION_MODE = wholemodule;
				SWIFT_OPTIMIZATION_LEVEL = "-O";
				VALIDATE_PRODUCT = YES;
			};
			name = Release;
		};
		C34775DC288F42E200E68579 /* Debug */ = {
			isa = XCBuildConfiguration;
			buildSettings = {
				ASSETCATALOG_COMPILER_APPICON_NAME = AppIcon;
				ASSETCATALOG_COMPILER_GLOBAL_ACCENT_COLOR_NAME = AccentColor;
				CODE_SIGN_STYLE = Automatic;
				CURRENT_PROJECT_VERSION = 1;
				DEVELOPMENT_TEAM = QW5Q4DEJR2;
				GENERATE_INFOPLIST_FILE = YES;
				INFOPLIST_FILE = "camp-companion/Info.plist";
				INFOPLIST_KEY_UIApplicationSupportsIndirectInputEvents = YES;
				INFOPLIST_KEY_UILaunchStoryboardName = LaunchScreen;
				INFOPLIST_KEY_UIMainStoryboardFile = Main;
				INFOPLIST_KEY_UISupportedInterfaceOrientations = UIInterfaceOrientationPortrait;
				INFOPLIST_KEY_UISupportedInterfaceOrientations_iPad = "UIInterfaceOrientationPortrait UIInterfaceOrientationPortraitUpsideDown UIInterfaceOrientationLandscapeLeft UIInterfaceOrientationLandscapeRight";
				INFOPLIST_KEY_UISupportedInterfaceOrientations_iPhone = "UIInterfaceOrientationPortrait UIInterfaceOrientationLandscapeLeft UIInterfaceOrientationLandscapeRight";
				IPHONEOS_DEPLOYMENT_TARGET = 15.0;
				LD_RUNPATH_SEARCH_PATHS = (
					"$(inherited)",
					"@executable_path/Frameworks",
				);
				MARKETING_VERSION = 1.0;
				PRODUCT_BUNDLE_IDENTIFIER = "com.iSpimbi.camp-companion";
				PRODUCT_NAME = "$(TARGET_NAME)";
				SWIFT_EMIT_LOC_STRINGS = YES;
				SWIFT_VERSION = 5.0;
				TARGETED_DEVICE_FAMILY = "1,2";
			};
			name = Debug;
		};
		C34775DD288F42E200E68579 /* Release */ = {
			isa = XCBuildConfiguration;
			buildSettings = {
				ASSETCATALOG_COMPILER_APPICON_NAME = AppIcon;
				ASSETCATALOG_COMPILER_GLOBAL_ACCENT_COLOR_NAME = AccentColor;
				CODE_SIGN_STYLE = Automatic;
				CURRENT_PROJECT_VERSION = 1;
				DEVELOPMENT_TEAM = QW5Q4DEJR2;
				GENERATE_INFOPLIST_FILE = YES;
				INFOPLIST_FILE = "camp-companion/Info.plist";
				INFOPLIST_KEY_UIApplicationSupportsIndirectInputEvents = YES;
				INFOPLIST_KEY_UILaunchStoryboardName = LaunchScreen;
				INFOPLIST_KEY_UIMainStoryboardFile = Main;
				INFOPLIST_KEY_UISupportedInterfaceOrientations = UIInterfaceOrientationPortrait;
				INFOPLIST_KEY_UISupportedInterfaceOrientations_iPad = "UIInterfaceOrientationPortrait UIInterfaceOrientationPortraitUpsideDown UIInterfaceOrientationLandscapeLeft UIInterfaceOrientationLandscapeRight";
				INFOPLIST_KEY_UISupportedInterfaceOrientations_iPhone = "UIInterfaceOrientationPortrait UIInterfaceOrientationLandscapeLeft UIInterfaceOrientationLandscapeRight";
				IPHONEOS_DEPLOYMENT_TARGET = 15.0;
				LD_RUNPATH_SEARCH_PATHS = (
					"$(inherited)",
					"@executable_path/Frameworks",
				);
				MARKETING_VERSION = 1.0;
				PRODUCT_BUNDLE_IDENTIFIER = "com.iSpimbi.camp-companion";
				PRODUCT_NAME = "$(TARGET_NAME)";
				SWIFT_EMIT_LOC_STRINGS = YES;
				SWIFT_VERSION = 5.0;
				TARGETED_DEVICE_FAMILY = "1,2";
			};
			name = Release;
		};
/* End XCBuildConfiguration section */

/* Begin XCConfigurationList section */
		C34775BF288F42DC00E68579 /* Build configuration list for PBXProject "camp-companion" */ = {
			isa = XCConfigurationList;
			buildConfigurations = (
				C34775D9288F42E200E68579 /* Debug */,
				C34775DA288F42E200E68579 /* Release */,
			);
			defaultConfigurationIsVisible = 0;
			defaultConfigurationName = Release;
		};
		C34775DB288F42E200E68579 /* Build configuration list for PBXNativeTarget "camp-companion" */ = {
			isa = XCConfigurationList;
			buildConfigurations = (
				C34775DC288F42E200E68579 /* Debug */,
				C34775DD288F42E200E68579 /* Release */,
			);
			defaultConfigurationIsVisible = 0;
			defaultConfigurationName = Release;
		};
/* End XCConfigurationList section */

/* Begin XCVersionGroup section */
		C34775D0288F42DC00E68579 /* camp_companion.xcdatamodeld */ = {
			isa = XCVersionGroup;
			children = (
				C34775D1288F42DC00E68579 /* camp_companion.xcdatamodel */,
			);
			currentVersion = C34775D1288F42DC00E68579 /* camp_companion.xcdatamodel */;
			path = camp_companion.xcdatamodeld;
			sourceTree = "<group>";
			versionGroupType = wrapper.xcdatamodel;
		};
/* End XCVersionGroup section */
	};
	rootObject = C34775BC288F42DC00E68579 /* Project object */;
}
